
Microsoft Visual Studio Solution File, Format Version 12.00
# Visual Studio Version 17
VisualStudioVersion = 17.10.35013.160
MinimumVisualStudioVersion = 10.0.40219.1
Project("{FAE04EC0-301F-11D3-BF4B-00C04F79EFBC}") = "EventsDZ", "EventsDZ.csproj", "{F228D16B-0679-49CB-A1A4-353A444FFA4D}"
EndProject
Global
	GlobalSection(SolutionConfigurationPlatforms) = preSolution
		Debug|Any CPU = Debug|Any CPU
		Release|Any CPU = Release|Any CPU
	EndGlobalSection
	GlobalSection(ProjectConfigurationPlatforms) = postSolution
		{F228D16B-0679-49CB-A1A4-353A444FFA4D}.Debug|Any CPU.ActiveCfg = Debug|Any CPU
		{F228D16B-0679-49CB-A1A4-353A444FFA4D}.Debug|Any CPU.Build.0 = Debug|Any CPU
		{F228D16B-0679-49CB-A1A4-353A444FFA4D}.Release|Any CPU.ActiveCfg = Release|Any CPU
		{F228D16B-0679-49CB-A1A4-353A444FFA4D}.Release|Any CPU.Build.0 = Release|Any CPU
	EndGlobalSection
	GlobalSection(SolutionProperties) = preSolution
		HideSolutionNode = FALSE
	EndGlobalSection
	GlobalSection(ExtensibilityGlobals) = postSolution
		SolutionGuid = {72B15B29-BB0F-47DA-B1B5-99BDD5A55A53}
	EndGlobalSection
EndGlobal
